
Microsoft Visual Studio Solution File, Format Version 12.00
# Visual Studio Version 16
VisualStudioVersion = 16.0.29102.190
MinimumVisualStudioVersion = 14.0.23107.0
Project("{2150E333-8FDC-42A3-9474-1A3956D46DE8}") = "VoxelscapeXenkoLauncher", "VoxelscapeXenkoLauncher", "{C5894D18-CEA6-4A16-AA0F-8437A2B873FF}"
	ProjectSection(XenkoPackage) = preProject
		VoxelscapeXenkoLauncher/VoxelscapeXenkoLauncher.xkpkg = VoxelscapeXenkoLauncher/VoxelscapeXenkoLauncher.xkpkg
	EndProjectSection
EndProject
Project("{9A19103F-16F7-4668-BE54-9A1E7A4F7556}") = "VoxelscapeXenkoLauncher.Windows", "VoxelscapeXenkoLauncher\VoxelscapeXenkoLauncher.Windows\VoxelscapeXenkoLauncher.Windows.csproj", "{04BBCB26-C2E7-4EB5-979A-36EF15F8FB7A}"
EndProject
Project("{9A19103F-16F7-4668-BE54-9A1E7A4F7556}") = "VoxelscapeXenkoLauncher.Game", "VoxelscapeXenkoLauncher\VoxelscapeXenkoLauncher.Game\VoxelscapeXenkoLauncher.Game.csproj", "{FB593A04-DF92-43FA-985F-880571A117BE}"
EndProject
Global
	GlobalSection(SolutionConfigurationPlatforms) = preSolution
		AppStore|Any CPU = AppStore|Any CPU
		AppStore|Mixed Platforms = AppStore|Mixed Platforms
		AppStore|Windows = AppStore|Windows
		Debug|Any CPU = Debug|Any CPU
		Debug|Mixed Platforms = Debug|Mixed Platforms
		Debug|Windows = Debug|Windows
		Release|Any CPU = Release|Any CPU
		Release|Mixed Platforms = Release|Mixed Platforms
		Release|Windows = Release|Windows
		Testing|Any CPU = Testing|Any CPU
		Testing|Mixed Platforms = Testing|Mixed Platforms
		Testing|Windows = Testing|Windows
	EndGlobalSection
	GlobalSection(ProjectConfigurationPlatforms) = postSolution
		{04BBCB26-C2E7-4EB5-979A-36EF15F8FB7A}.AppStore|Any CPU.ActiveCfg = AppStore|Any CPU
		{04BBCB26-C2E7-4EB5-979A-36EF15F8FB7A}.AppStore|Any CPU.Build.0 = AppStore|Any CPU
		{04BBCB26-C2E7-4EB5-979A-36EF15F8FB7A}.AppStore|Any CPU.Deploy.0 = AppStore|Any CPU
		{04BBCB26-C2E7-4EB5-979A-36EF15F8FB7A}.AppStore|Mixed Platforms.ActiveCfg = AppStore|Any CPU
		{04BBCB26-C2E7-4EB5-979A-36EF15F8FB7A}.AppStore|Mixed Platforms.Build.0 = AppStore|Any CPU
		{04BBCB26-C2E7-4EB5-979A-36EF15F8FB7A}.AppStore|Mixed Platforms.Deploy.0 = AppStore|Any CPU
		{04BBCB26-C2E7-4EB5-979A-36EF15F8FB7A}.AppStore|Windows.ActiveCfg = AppStore|Any CPU
		{04BBCB26-C2E7-4EB5-979A-36EF15F8FB7A}.AppStore|Windows.Build.0 = AppStore|Any CPU
		{04BBCB26-C2E7-4EB5-979A-36EF15F8FB7A}.AppStore|Windows.Deploy.0 = AppStore|Any CPU
		{04BBCB26-C2E7-4EB5-979A-36EF15F8FB7A}.Debug|Any CPU.ActiveCfg = Debug|Any CPU
		{04BBCB26-C2E7-4EB5-979A-36EF15F8FB7A}.Debug|Any CPU.Build.0 = Debug|Any CPU
		{04BBCB26-C2E7-4EB5-979A-36EF15F8FB7A}.Debug|Any CPU.Deploy.0 = Debug|Any CPU
		{04BBCB26-C2E7-4EB5-979A-36EF15F8FB7A}.Debug|Mixed Platforms.ActiveCfg = Debug|Any CPU
		{04BBCB26-C2E7-4EB5-979A-36EF15F8FB7A}.Debug|Mixed Platforms.Build.0 = Debug|Any CPU
		{04BBCB26-C2E7-4EB5-979A-36EF15F8FB7A}.Debug|Mixed Platforms.Deploy.0 = Debug|Any CPU
		{04BBCB26-C2E7-4EB5-979A-36EF15F8FB7A}.Debug|Windows.ActiveCfg = Debug|Any CPU
		{04BBCB26-C2E7-4EB5-979A-36EF15F8FB7A}.Debug|Windows.Build.0 = Debug|Any CPU
		{04BBCB26-C2E7-4EB5-979A-36EF15F8FB7A}.Debug|Windows.Deploy.0 = Debug|Any CPU
		{04BBCB26-C2E7-4EB5-979A-36EF15F8FB7A}.Release|Any CPU.ActiveCfg = Release|Any CPU
		{04BBCB26-C2E7-4EB5-979A-36EF15F8FB7A}.Release|Any CPU.Build.0 = Release|Any CPU
		{04BBCB26-C2E7-4EB5-979A-36EF15F8FB7A}.Release|Any CPU.Deploy.0 = Release|Any CPU
		{04BBCB26-C2E7-4EB5-979A-36EF15F8FB7A}.Release|Mixed Platforms.ActiveCfg = Release|Any CPU
		{04BBCB26-C2E7-4EB5-979A-36EF15F8FB7A}.Release|Mixed Platforms.Build.0 = Release|Any CPU
		{04BBCB26-C2E7-4EB5-979A-36EF15F8FB7A}.Release|Mixed Platforms.Deploy.0 = Release|Any CPU
		{04BBCB26-C2E7-4EB5-979A-36EF15F8FB7A}.Release|Windows.ActiveCfg = Release|Any CPU
		{04BBCB26-C2E7-4EB5-979A-36EF15F8FB7A}.Release|Windows.Build.0 = Release|Any CPU
		{04BBCB26-C2E7-4EB5-979A-36EF15F8FB7A}.Release|Windows.Deploy.0 = Release|Any CPU
		{04BBCB26-C2E7-4EB5-979A-36EF15F8FB7A}.Testing|Any CPU.ActiveCfg = Testing|Any CPU
		{04BBCB26-C2E7-4EB5-979A-36EF15F8FB7A}.Testing|Any CPU.Build.0 = Testing|Any CPU
		{04BBCB26-C2E7-4EB5-979A-36EF15F8FB7A}.Testing|Any CPU.Deploy.0 = Testing|Any CPU
		{04BBCB26-C2E7-4EB5-979A-36EF15F8FB7A}.Testing|Mixed Platforms.ActiveCfg = Testing|Any CPU
		{04BBCB26-C2E7-4EB5-979A-36EF15F8FB7A}.Testing|Mixed Platforms.Build.0 = Testing|Any CPU
		{04BBCB26-C2E7-4EB5-979A-36EF15F8FB7A}.Testing|Mixed Platforms.Deploy.0 = Testing|Any CPU
		{04BBCB26-C2E7-4EB5-979A-36EF15F8FB7A}.Testing|Windows.ActiveCfg = Testing|Any CPU
		{04BBCB26-C2E7-4EB5-979A-36EF15F8FB7A}.Testing|Windows.Build.0 = Testing|Any CPU
		{04BBCB26-C2E7-4EB5-979A-36EF15F8FB7A}.Testing|Windows.Deploy.0 = Testing|Any CPU
		{FB593A04-DF92-43FA-985F-880571A117BE}.AppStore|Any CPU.ActiveCfg = AppStore|Any CPU
		{FB593A04-DF92-43FA-985F-880571A117BE}.AppStore|Any CPU.Build.0 = AppStore|Any CPU
		{FB593A04-DF92-43FA-985F-880571A117BE}.AppStore|Mixed Platforms.ActiveCfg = AppStore|Any CPU
		{FB593A04-DF92-43FA-985F-880571A117BE}.AppStore|Mixed Platforms.Build.0 = AppStore|Any CPU
		{FB593A04-DF92-43FA-985F-880571A117BE}.AppStore|Windows.ActiveCfg = AppStore|Any CPU
		{FB593A04-DF92-43FA-985F-880571A117BE}.AppStore|Windows.Build.0 = AppStore|Any CPU
		{FB593A04-DF92-43FA-985F-880571A117BE}.Debug|Any CPU.ActiveCfg = Debug|Any CPU
		{FB593A04-DF92-43FA-985F-880571A117BE}.Debug|Any CPU.Build.0 = Debug|Any CPU
		{FB593A04-DF92-43FA-985F-880571A117BE}.Debug|Mixed Platforms.ActiveCfg = Debug|Any CPU
		{FB593A04-DF92-43FA-985F-880571A117BE}.Debug|Mixed Platforms.Build.0 = Debug|Any CPU
		{FB593A04-DF92-43FA-985F-880571A117BE}.Debug|Windows.ActiveCfg = Debug|Any CPU
		{FB593A04-DF92-43FA-985F-880571A117BE}.Debug|Windows.Build.0 = Debug|Any CPU
		{FB593A04-DF92-43FA-985F-880571A117BE}.Release|Any CPU.ActiveCfg = Release|Any CPU
		{FB593A04-DF92-43FA-985F-880571A117BE}.Release|Any CPU.Build.0 = Release|Any CPU
		{FB593A04-DF92-43FA-985F-880571A117BE}.Release|Mixed Platforms.ActiveCfg = Release|Any CPU
		{FB593A04-DF92-43FA-985F-880571A117BE}.Release|Mixed Platforms.Build.0 = Release|Any CPU
		{FB593A04-DF92-43FA-985F-880571A117BE}.Release|Windows.ActiveCfg = Release|Any CPU
		{FB593A04-DF92-43FA-985F-880571A117BE}.Release|Windows.Build.0 = Release|Any CPU
		{FB593A04-DF92-43FA-985F-880571A117BE}.Testing|Any CPU.ActiveCfg = Testing|Any CPU
		{FB593A04-DF92-43FA-985F-880571A117BE}.Testing|Any CPU.Build.0 = Testing|Any CPU
		{FB593A04-DF92-43FA-985F-880571A117BE}.Testing|Mixed Platforms.ActiveCfg = Testing|Any CPU
		{FB593A04-DF92-43FA-985F-880571A117BE}.Testing|Mixed Platforms.Build.0 = Testing|Any CPU
		{FB593A04-DF92-43FA-985F-880571A117BE}.Testing|Windows.ActiveCfg = Testing|Any CPU
		{FB593A04-DF92-43FA-985F-880571A117BE}.Testing|Windows.Build.0 = Testing|Any CPU
	EndGlobalSection
	GlobalSection(SolutionProperties) = preSolution
		HideSolutionNode = FALSE
	EndGlobalSection
	GlobalSection(NestedProjects) = preSolution
		{04BBCB26-C2E7-4EB5-979A-36EF15F8FB7A} = {C5894D18-CEA6-4A16-AA0F-8437A2B873FF}
		{FB593A04-DF92-43FA-985F-880571A117BE} = {C5894D18-CEA6-4A16-AA0F-8437A2B873FF}
	EndGlobalSection
	GlobalSection(ExtensibilityGlobals) = postSolution
		SolutionGuid = {C4B3331E-1060-48CC-801A-08CD02051A31}
	EndGlobalSection
EndGlobal
